
Microsoft Visual Studio Solution File, Format Version 12.00
# Visual Studio 2013
VisualStudioVersion = 12.0.20623.1 VSUPREVIEW
MinimumVisualStudioVersion = 10.0.40219.1
Project("{FAE04EC0-301F-11D3-BF4B-00C04F79EFBC}") = "DotNetQuiz.Web", "DotNetQuiz.Web\DotNetQuiz.Web.csproj", "{1CC06CEA-B829-4649-97B0-48F0B9415A06}"
EndProject
Project("{FAE04EC0-301F-11D3-BF4B-00C04F79EFBC}") = "DotNetQuiz.Tests", "DotNetQuiz.Tests\DotNetQuiz.Tests.csproj", "{414174EF-229A-469F-9BBF-A83F36511127}"
EndProject
Global
	GlobalSection(SolutionConfigurationPlatforms) = preSolution
		Debug|Any CPU = Debug|Any CPU
		Release|Any CPU = Release|Any CPU
	EndGlobalSection
	GlobalSection(ProjectConfigurationPlatforms) = postSolution
		{1CC06CEA-B829-4649-97B0-48F0B9415A06}.Debug|Any CPU.ActiveCfg = Debug|Any CPU
		{1CC06CEA-B829-4649-97B0-48F0B9415A06}.Debug|Any CPU.Build.0 = Debug|Any CPU
		{1CC06CEA-B829-4649-97B0-48F0B9415A06}.Release|Any CPU.ActiveCfg = Release|Any CPU
		{1CC06CEA-B829-4649-97B0-48F0B9415A06}.Release|Any CPU.Build.0 = Release|Any CPU
		{414174EF-229A-469F-9BBF-A83F36511127}.Debug|Any CPU.ActiveCfg = Debug|Any CPU
		{414174EF-229A-469F-9BBF-A83F36511127}.Debug|Any CPU.Build.0 = Debug|Any CPU
		{414174EF-229A-469F-9BBF-A83F36511127}.Release|Any CPU.ActiveCfg = Release|Any CPU
		{414174EF-229A-469F-9BBF-A83F36511127}.Release|Any CPU.Build.0 = Release|Any CPU
	EndGlobalSection
	GlobalSection(SolutionProperties) = preSolution
		HideSolutionNode = FALSE
	EndGlobalSection
EndGlobal
